
Microsoft Visual Studio Solution File, Format Version 12.00
# Visual Studio 15
VisualStudioVersion = 15.0.28010.2026
MinimumVisualStudioVersion = 10.0.40219.1
Project("{8BC9CEB8-8B4A-11D0-8D11-00A0C91BC942}") = "CSI2372_Project", "CSI2372_Project\CSI2372_Project.vcxproj", "{2EB6195F-ACE8-4ABD-A24B-B767804E9050}"
EndProject
Global
	GlobalSection(SolutionConfigurationPlatforms) = preSolution
		Debug|x64 = Debug|x64
		Debug|x86 = Debug|x86
		Release|x64 = Release|x64
		Release|x86 = Release|x86
	EndGlobalSection
	GlobalSection(ProjectConfigurationPlatforms) = postSolution
		{2EB6195F-ACE8-4ABD-A24B-B767804E9050}.Debug|x64.ActiveCfg = Debug|x64
		{2EB6195F-ACE8-4ABD-A24B-B767804E9050}.Debug|x64.Build.0 = Debug|x64
		{2EB6195F-ACE8-4ABD-A24B-B767804E9050}.Debug|x86.ActiveCfg = Debug|Win32
		{2EB6195F-ACE8-4ABD-A24B-B767804E9050}.Debug|x86.Build.0 = Debug|Win32
		{2EB6195F-ACE8-4ABD-A24B-B767804E9050}.Release|x64.ActiveCfg = Release|x64
		{2EB6195F-ACE8-4ABD-A24B-B767804E9050}.Release|x64.Build.0 = Release|x64
		{2EB6195F-ACE8-4ABD-A24B-B767804E9050}.Release|x86.ActiveCfg = Release|Win32
		{2EB6195F-ACE8-4ABD-A24B-B767804E9050}.Release|x86.Build.0 = Release|Win32
	EndGlobalSection
	GlobalSection(SolutionProperties) = preSolution
		HideSolutionNode = FALSE
	EndGlobalSection
	GlobalSection(ExtensibilityGlobals) = postSolution
		SolutionGuid = {386AE8C4-6295-4CFB-8951-C92A37235AF6}
	EndGlobalSection
EndGlobal
